// !$*UTF8*$!
{
	archiveVersion = 1;
	classes = {
	};
	objectVersion = 56;
	objects = {

/* Begin PBXBuildFile section */
		4B87A0EB2F1430060000B221 /* PAYMENTS_REMOVED.md in Resources */ = {isa = PBXBuildFile; fileRef = 4B87A0EA2F1430060000B221 /* PAYMENTS_REMOVED.md */; };
		4B87A0ED2F1430D40000B221 /* SettingsView.swift in Sources */ = {isa = PBXBuildFile; fileRef = 4B87A0EC2F1430D40000B221 /* SettingsView.swift */; };
		4B87A0EF2F1431210000B221 /* SETTINGS_FEATURE.md in Resources */ = {isa = PBXBuildFile; fileRef = 4B87A0EE2F1431210000B221 /* SETTINGS_FEATURE.md */; };
		4BF03F452F14795300D22E63 /* DocumentationQUICK_START.md in Resources */ = {isa = PBXBuildFile; fileRef = 4BF03F442F14795300D22E63 /* DocumentationQUICK_START.md */; };
		AA0000000000000000000001 /* RunRoutePlannerApp.swift in Sources */ = {isa = PBXBuildFile; fileRef = BB0000000000000000000001 /* RunRoutePlannerApp.swift */; };
		AA0000000000000000000002 /* ContentView.swift in Sources */ = {isa = PBXBuildFile; fileRef = BB0000000000000000000002 /* ContentView.swift */; };
		AA0000000000000000000003 /* LocationManager.swift in Sources */ = {isa = PBXBuildFile; fileRef = BB0000000000000000000003 /* LocationManager.swift */; };
		AA0000000000000000000004 /* RoutePlanner.swift in Sources */ = {isa = PBXBuildFile; fileRef = BB0000000000000000000004 /* RoutePlanner.swift */; };
		AA0000000000000000000005 /* MapView.swift in Sources */ = {isa = PBXBuildFile; fileRef = BB0000000000000000000005 /* MapView.swift */; };
		AA0000000000000000000006 /* Assets.xcassets in Resources */ = {isa = PBXBuildFile; fileRef = BB0000000000000000000006 /* Assets.xcassets */; };
		AA0000000000000000000007 /* SubscriptionManager.swift in Sources */ = {isa = PBXBuildFile; fileRef = BB0000000000000000000008 /* SubscriptionManager.swift */; };
		AA0000000000000000000008 /* SubscriptionView.swift in Sources */ = {isa = PBXBuildFile; fileRef = BB0000000000000000000009 /* SubscriptionView.swift */; };
		AA0000000000000000000009 /* Configuration.storekit in Resources */ = {isa = PBXBuildFile; fileRef = BB0000000000000000000010 /* Configuration.storekit */; };
		AA0000000000000000000010 /* Constants.swift in Sources */ = {isa = PBXBuildFile; fileRef = BB0000000000000000000011 /* Constants.swift */; };
		AA0000000000000000000011 /* NavigationManager.swift in Sources */ = {isa = PBXBuildFile; fileRef = BB0000000000000000000012 /* NavigationManager.swift */; };
/* End PBXBuildFile section */

/* Begin PBXFileReference section */
		4B87A0E82F142B810000B221 /* Info.plist */ = {isa = PBXFileReference; lastKnownFileType = text.plist.xml; path = Info.plist; sourceTree = "<group>"; };
		4B87A0E92F142B930000B221 /* BUILD_FIXES.md */ = {isa = PBXFileReference; lastKnownFileType = net.daringfireball.markdown; path = BUILD_FIXES.md; sourceTree = "<group>"; };
		4B87A0EA2F1430060000B221 /* PAYMENTS_REMOVED.md */ = {isa = PBXFileReference; lastKnownFileType = net.daringfireball.markdown; path = PAYMENTS_REMOVED.md; sourceTree = "<group>"; };
		4B87A0EC2F1430D40000B221 /* SettingsView.swift */ = {isa = PBXFileReference; lastKnownFileType = sourcecode.swift; path = SettingsView.swift; sourceTree = "<group>"; };
		4B87A0EE2F1431210000B221 /* SETTINGS_FEATURE.md */ = {isa = PBXFileReference; lastKnownFileType = net.daringfireball.markdown; path = SETTINGS_FEATURE.md; sourceTree = "<group>"; };
		4B87A0F02F1432210000B221 /* USABILITY_IMPROVEMENTS.md */ = {isa = PBXFileReference; lastKnownFileType = net.daringfireball.markdown; path = USABILITY_IMPROVEMENTS.md; sourceTree = "<group>"; };
		4B87A0F12F14326C0000B221 /* UsabilityComponents.swift */ = {isa = PBXFileReference; lastKnownFileType = sourcecode.swift; path = UsabilityComponents.swift; sourceTree = "<group>"; };
		4B87A0F22F1432C40000B221 /* IMPROVEMENTS_COMPLETE.md */ = {isa = PBXFileReference; lastKnownFileType = net.daringfireball.markdown; path = IMPROVEMENTS_COMPLETE.md; sourceTree = "<group>"; };
		4B87A0F32F14340D0000B221 /* Models.swift */ = {isa = PBXFileReference; lastKnownFileType = sourcecode.swift; path = Models.swift; sourceTree = "<group>"; };
		4B87A0F42F1434230000B221 /* HealthKitManager.swift */ = {isa = PBXFileReference; lastKnownFileType = sourcecode.swift; path = HealthKitManager.swift; sourceTree = "<group>"; };
		4B87A0F52F1434380000B221 /* AudioManager.swift */ = {isa = PBXFileReference; lastKnownFileType = sourcecode.swift; path = AudioManager.swift; sourceTree = "<group>"; };
		4B87A0F62F1434490000B221 /* WeatherManager.swift */ = {isa = PBXFileReference; lastKnownFileType = sourcecode.swift; path = WeatherManager.swift; sourceTree = "<group>"; };
		4B87A0F72F14345F0000B221 /* IntervalTimer.swift */ = {isa = PBXFileReference; lastKnownFileType = sourcecode.swift; path = IntervalTimer.swift; sourceTree = "<group>"; };
		4B87A0F82F1434820000B221 /* RunHistoryView.swift */ = {isa = PBXFileReference; lastKnownFileType = sourcecode.swift; path = RunHistoryView.swift; sourceTree = "<group>"; };
		4B87A0F92F1434C60000B221 /* ALL_FEATURES_IMPLEMENTED.md */ = {isa = PBXFileReference; lastKnownFileType = net.daringfireball.markdown; path = ALL_FEATURES_IMPLEMENTED.md; sourceTree = "<group>"; };
		4B87A0FA2F1435520000B221 /* BUILD_ERRORS_FIXED.md */ = {isa = PBXFileReference; lastKnownFileType = net.daringfireball.markdown; path = BUILD_ERRORS_FIXED.md; sourceTree = "<group>"; };
		4BF03F442F14795300D22E63 /* DocumentationQUICK_START.md */ = {isa = PBXFileReference; lastKnownFileType = net.daringfireball.markdown; path = DocumentationQUICK_START.md; sourceTree = "<group>"; };
		BB0000000000000000000001 /* RunRoutePlannerApp.swift */ = {isa = PBXFileReference; lastKnownFileType = sourcecode.swift; path = RunRoutePlannerApp.swift; sourceTree = "<group>"; };
		BB0000000000000000000002 /* ContentView.swift */ = {isa = PBXFileReference; lastKnownFileType = sourcecode.swift; path = ContentView.swift; sourceTree = "<group>"; };
		BB0000000000000000000003 /* LocationManager.swift */ = {isa = PBXFileReference; lastKnownFileType = sourcecode.swift; path = LocationManager.swift; sourceTree = "<group>"; };
		BB0000000000000000000004 /* RoutePlanner.swift */ = {isa = PBXFileReference; lastKnownFileType = sourcecode.swift; path = RoutePlanner.swift; sourceTree = "<group>"; };
		BB0000000000000000000005 /* MapView.swift */ = {isa = PBXFileReference; lastKnownFileType = sourcecode.swift; path = MapView.swift; sourceTree = "<group>"; };
		BB0000000000000000000006 /* Assets.xcassets */ = {isa = PBXFileReference; lastKnownFileType = folder.assetcatalog; path = Assets.xcassets; sourceTree = "<group>"; };
		BB0000000000000000000007 /* Info.plist */ = {isa = PBXFileReference; lastKnownFileType = text.plist.xml; path = Info.plist; sourceTree = "<group>"; };
		BB0000000000000000000008 /* SubscriptionManager.swift */ = {isa = PBXFileReference; lastKnownFileType = sourcecode.swift; path = SubscriptionManager.swift; sourceTree = "<group>"; };
		BB0000000000000000000009 /* SubscriptionView.swift */ = {isa = PBXFileReference; lastKnownFileType = sourcecode.swift; path = SubscriptionView.swift; sourceTree = "<group>"; };
		BB0000000000000000000010 /* Configuration.storekit */ = {isa = PBXFileReference; lastKnownFileType = text; path = Configuration.storekit; sourceTree = "<group>"; };
		BB0000000000000000000011 /* Constants.swift */ = {isa = PBXFileReference; lastKnownFileType = sourcecode.swift; path = Constants.swift; sourceTree = "<group>"; };
		BB0000000000000000000012 /* NavigationManager.swift */ = {isa = PBXFileReference; lastKnownFileType = sourcecode.swift; path = NavigationManager.swift; sourceTree = "<group>"; };
		CC0000000000000000000001 /* RunRoutePlanner.app */ = {isa = PBXFileReference; explicitFileType = wrapper.application; includeInIndex = 0; path = RunRoutePlanner.app; sourceTree = BUILT_PRODUCTS_DIR; };
/* End PBXFileReference section */

/* Begin PBXFrameworksBuildPhase section */
		DD0000000000000000000001 /* Frameworks */ = {
			isa = PBXFrameworksBuildPhase;
			buildActionMask = 2147483647;
			files = (
			);
			runOnlyForDeploymentPostprocessing = 0;
		};
/* End PBXFrameworksBuildPhase section */

/* Begin PBXGroup section */
		EE0000000000000000000001 = {
			isa = PBXGroup;
			children = (
				EE0000000000000000000002 /* RunRoutePlanner */,
				EE0000000000000000000003 /* Products */,
				4B87A0E82F142B810000B221 /* Info.plist */,
				4B87A0E92F142B930000B221 /* BUILD_FIXES.md */,
				4B87A0F02F1432210000B221 /* USABILITY_IMPROVEMENTS.md */,
				4B87A0F12F14326C0000B221 /* UsabilityComponents.swift */,
				4B87A0F22F1432C40000B221 /* IMPROVEMENTS_COMPLETE.md */,
				4B87A0F32F14340D0000B221 /* Models.swift */,
				4B87A0F42F1434230000B221 /* HealthKitManager.swift */,
				4B87A0F52F1434380000B221 /* AudioManager.swift */,
				4B87A0F62F1434490000B221 /* WeatherManager.swift */,
				4B87A0F72F14345F0000B221 /* IntervalTimer.swift */,
				4B87A0F82F1434820000B221 /* RunHistoryView.swift */,
				4B87A0F92F1434C60000B221 /* ALL_FEATURES_IMPLEMENTED.md */,
				4B87A0FA2F1435520000B221 /* BUILD_ERRORS_FIXED.md */,
			);
			sourceTree = "<group>";
		};
		EE0000000000000000000002 /* RunRoutePlanner */ = {
			isa = PBXGroup;
			children = (
				BB0000000000000000000001 /* RunRoutePlannerApp.swift */,
				BB0000000000000000000002 /* ContentView.swift */,
				BB0000000000000000000003 /* LocationManager.swift */,
				BB0000000000000000000004 /* RoutePlanner.swift */,
				BB0000000000000000000005 /* MapView.swift */,
				BB0000000000000000000008 /* SubscriptionManager.swift */,
				BB0000000000000000000009 /* SubscriptionView.swift */,
				BB0000000000000000000011 /* Constants.swift */,
				BB0000000000000000000012 /* NavigationManager.swift */,
				BB0000000000000000000006 /* Assets.xcassets */,
				BB0000000000000000000010 /* Configuration.storekit */,
				BB0000000000000000000007 /* Info.plist */,
				4B87A0EA2F1430060000B221 /* PAYMENTS_REMOVED.md */,
				4B87A0EC2F1430D40000B221 /* SettingsView.swift */,
				4B87A0EE2F1431210000B221 /* SETTINGS_FEATURE.md */,
				4BF03F442F14795300D22E63 /* DocumentationQUICK_START.md */,
			);
			path = RunRoutePlanner;
			sourceTree = "<group>";
		};
		EE0000000000000000000003 /* Products */ = {
			isa = PBXGroup;
			children = (
				CC0000000000000000000001 /* RunRoutePlanner.app */,
			);
			name = Products;
			sourceTree = "<group>";
		};
/* End PBXGroup section */

/* Begin PBXNativeTarget section */
		FF0000000000000000000001 /* RunRoutePlanner */ = {
			isa = PBXNativeTarget;
			buildConfigurationList = FF0000000000000000000002 /* Build configuration list for PBXNativeTarget "RunRoutePlanner" */;
			buildPhases = (
				DD0000000000000000000002 /* Sources */,
				DD0000000000000000000001 /* Frameworks */,
				DD0000000000000000000003 /* Resources */,
			);
			buildRules = (
			);
			dependencies = (
			);
			name = RunRoutePlanner;
			productName = RunRoutePlanner;
			productReference = CC0000000000000000000001 /* RunRoutePlanner.app */;
			productType = "com.apple.product-type.application";
		};
/* End PBXNativeTarget section */

/* Begin PBXProject section */
		GG0000000000000000000001 /* Project object */ = {
			isa = PBXProject;
			attributes = {
				BuildIndependentTargetsInParallel = 1;
				LastSwiftUpdateCheck = 1500;
				LastUpgradeCheck = 2620;
				TargetAttributes = {
					FF0000000000000000000001 = {
						CreatedOnToolsVersion = 15.0;
					};
				};
			};
			buildConfigurationList = GG0000000000000000000002 /* Build configuration list for PBXProject "RunRoutePlanner" */;
			compatibilityVersion = "Xcode 14.0";
			developmentRegion = en;
			hasScannedForEncodings = 0;
			knownRegions = (
				en,
				Base,
			);
			mainGroup = EE0000000000000000000001;
			productRefGroup = EE0000000000000000000003 /* Products */;
			projectDirPath = "";
			projectRoot = "";
			targets = (
				FF0000000000000000000001 /* RunRoutePlanner */,
			);
		};
/* End PBXProject section */

/* Begin PBXResourcesBuildPhase section */
		DD0000000000000000000003 /* Resources */ = {
			isa = PBXResourcesBuildPhase;
			buildActionMask = 2147483647;
			files = (
				4B87A0EB2F1430060000B221 /* PAYMENTS_REMOVED.md in Resources */,
				AA0000000000000000000006 /* Assets.xcassets in Resources */,
				4B87A0EF2F1431210000B221 /* SETTINGS_FEATURE.md in Resources */,
				4BF03F452F14795300D22E63 /* DocumentationQUICK_START.md in Resources */,
				AA0000000000000000000009 /* Configuration.storekit in Resources */,
			);
			runOnlyForDeploymentPostprocessing = 0;
		};
/* End PBXResourcesBuildPhase section */

/* Begin PBXSourcesBuildPhase section */
		DD0000000000000000000002 /* Sources */ = {
			isa = PBXSourcesBuildPhase;
			buildActionMask = 2147483647;
			files = (
				AA0000000000000000000001 /* RunRoutePlannerApp.swift in Sources */,
				AA0000000000000000000002 /* ContentView.swift in Sources */,
				AA0000000000000000000003 /* LocationManager.swift in Sources */,
				AA0000000000000000000004 /* RoutePlanner.swift in Sources */,
				AA0000000000000000000005 /* MapView.swift in Sources */,
				4B87A0ED2F1430D40000B221 /* SettingsView.swift in Sources */,
				AA0000000000000000000007 /* SubscriptionManager.swift in Sources */,
				AA0000000000000000000008 /* SubscriptionView.swift in Sources */,
				AA0000000000000000000010 /* Constants.swift in Sources */,
				AA0000000000000000000011 /* NavigationManager.swift in Sources */,
			);
			runOnlyForDeploymentPostprocessing = 0;
		};
/* End PBXSourcesBuildPhase section */

/* Begin XCBuildConfiguration section */
		HH0000000000000000000001 /* Debug */ = {
			isa = XCBuildConfiguration;
			buildSettings = {
				ALWAYS_SEARCH_USER_PATHS = NO;
				ASSETCATALOG_COMPILER_GENERATE_SWIFT_ASSET_SYMBOL_EXTENSIONS = YES;
				CLANG_ANALYZER_NONNULL = YES;
				CLANG_ANALYZER_NUMBER_OBJECT_CONVERSION = YES_AGGRESSIVE;
				CLANG_CXX_LANGUAGE_STANDARD = "gnu++20";
				CLANG_ENABLE_MODULES = YES;
				CLANG_ENABLE_OBJC_ARC = YES;
				CLANG_ENABLE_OBJC_WEAK = YES;
				CLANG_WARN_BLOCK_CAPTURE_AUTORELEASING = YES;
				CLANG_WARN_BOOL_CONVERSION = YES;
				CLANG_WARN_COMMA = YES;
				CLANG_WARN_CONSTANT_CONVERSION = YES;
				CLANG_WARN_DEPRECATED_OBJC_IMPLEMENTATIONS = YES;
				CLANG_WARN_DIRECT_OBJC_ISA_USAGE = YES_ERROR;
				CLANG_WARN_DOCUMENTATION_COMMENTS = YES;
				CLANG_WARN_EMPTY_BODY = YES;
				CLANG_WARN_ENUM_CONVERSION = YES;
				CLANG_WARN_INFINITE_RECURSION = YES;
				CLANG_WARN_INT_CONVERSION = YES;
				CLANG_WARN_NON_LITERAL_NULL_CONVERSION = YES;
				CLANG_WARN_OBJC_IMPLICIT_RETAIN_SELF = YES;
				CLANG_WARN_OBJC_LITERAL_CONVERSION = YES;
				CLANG_WARN_OBJC_ROOT_CLASS = YES_ERROR;
				CLANG_WARN_QUOTED_INCLUDE_IN_FRAMEWORK_HEADER = YES;
				CLANG_WARN_RANGE_LOOP_ANALYSIS = YES;
				CLANG_WARN_STRICT_PROTOTYPES = YES;
				CLANG_WARN_SUSPICIOUS_MOVE = YES;
				CLANG_WARN_UNGUARDED_AVAILABILITY = YES_AGGRESSIVE;
				CLANG_WARN_UNREACHABLE_CODE = YES;
				CLANG_WARN__DUPLICATE_METHOD_MATCH = YES;
				COPY_PHASE_STRIP = NO;
				DEBUG_INFORMATION_FORMAT = dwarf;
				ENABLE_STRICT_OBJC_MSGSEND = YES;
				ENABLE_TESTABILITY = YES;
				ENABLE_USER_SCRIPT_SANDBOXING = YES;
				GCC_C_LANGUAGE_STANDARD = gnu17;
				GCC_DYNAMIC_NO_PIC = NO;
				GCC_NO_COMMON_BLOCKS = YES;
				GCC_OPTIMIZATION_LEVEL = 0;
				GCC_PREPROCESSOR_DEFINITIONS = (
					"DEBUG=1",
					"$(inherited)",
				);
				GCC_WARN_64_TO_32_BIT_CONVERSION = YES;
				GCC_WARN_ABOUT_RETURN_TYPE = YES_ERROR;
				GCC_WARN_UNDECLARED_SELECTOR = YES;
				GCC_WARN_UNINITIALIZED_AUTOS = YES_AGGRESSIVE;
				GCC_WARN_UNUSED_FUNCTION = YES;
				GCC_WARN_UNUSED_VARIABLE = YES;
				IPHONEOS_DEPLOYMENT_TARGET = 15.0;
				LOCALIZATION_PREFERS_STRING_CATALOGS = YES;
				MTL_ENABLE_DEBUG_INFO = INCLUDE_SOURCE;
				MTL_FAST_MATH = YES;
				ONLY_ACTIVE_ARCH = YES;
				SDKROOT = iphoneos;
				STRING_CATALOG_GENERATE_SYMBOLS = YES;
				SWIFT_ACTIVE_COMPILATION_CONDITIONS = "DEBUG $(inherited)";
				SWIFT_OPTIMIZATION_LEVEL = "-Onone";
			};
			name = Debug;
		};
		HH0000000000000000000002 /* Release */ = {
			isa = XCBuildConfiguration;
			buildSettings = {
				ALWAYS_SEARCH_USER_PATHS = NO;
				ASSETCATALOG_COMPILER_GENERATE_SWIFT_ASSET_SYMBOL_EXTENSIONS = YES;
				CLANG_ANALYZER_NONNULL = YES;
				CLANG_ANALYZER_NUMBER_OBJECT_CONVERSION = YES_AGGRESSIVE;
				CLANG_CXX_LANGUAGE_STANDARD = "gnu++20";
				CLANG_ENABLE_MODULES = YES;
				CLANG_ENABLE_OBJC_ARC = YES;
				CLANG_ENABLE_OBJC_WEAK = YES;
				CLANG_WARN_BLOCK_CAPTURE_AUTORELEASING = YES;
				CLANG_WARN_BOOL_CONVERSION = YES;
				CLANG_WARN_COMMA = YES;
				CLANG_WARN_CONSTANT_CONVERSION = YES;
				CLANG_WARN_DEPRECATED_OBJC_IMPLEMENTATIONS = YES;
				CLANG_WARN_DIRECT_OBJC_ISA_USAGE = YES_ERROR;
				CLANG_WARN_DOCUMENTATION_COMMENTS = YES;
				CLANG_WARN_EMPTY_BODY = YES;
				CLANG_WARN_ENUM_CONVERSION = YES;
				CLANG_WARN_INFINITE_RECURSION = YES;
				CLANG_WARN_INT_CONVERSION = YES;
				CLANG_WARN_NON_LITERAL_NULL_CONVERSION = YES;
				CLANG_WARN_OBJC_IMPLICIT_RETAIN_SELF = YES;
				CLANG_WARN_OBJC_LITERAL_CONVERSION = YES;
				CLANG_WARN_OBJC_ROOT_CLASS = YES_ERROR;
				CLANG_WARN_QUOTED_INCLUDE_IN_FRAMEWORK_HEADER = YES;
				CLANG_WARN_RANGE_LOOP_ANALYSIS = YES;
				CLANG_WARN_STRICT_PROTOTYPES = YES;
				CLANG_WARN_SUSPICIOUS_MOVE = YES;
				CLANG_WARN_UNGUARDED_AVAILABILITY = YES_AGGRESSIVE;
				CLANG_WARN_UNREACHABLE_CODE = YES;
				CLANG_WARN__DUPLICATE_METHOD_MATCH = YES;
				COPY_PHASE_STRIP = NO;
				DEBUG_INFORMATION_FORMAT = "dwarf-with-dsym";
				ENABLE_NS_ASSERTIONS = NO;
				ENABLE_STRICT_OBJC_MSGSEND = YES;
				ENABLE_USER_SCRIPT_SANDBOXING = YES;
				GCC_C_LANGUAGE_STANDARD = gnu17;
				GCC_NO_COMMON_BLOCKS = YES;
				GCC_WARN_64_TO_32_BIT_CONVERSION = YES;
				GCC_WARN_ABOUT_RETURN_TYPE = YES_ERROR;
				GCC_WARN_UNDECLARED_SELECTOR = YES;
				GCC_WARN_UNINITIALIZED_AUTOS = YES_AGGRESSIVE;
				GCC_WARN_UNUSED_FUNCTION = YES;
				GCC_WARN_UNUSED_VARIABLE = YES;
				IPHONEOS_DEPLOYMENT_TARGET = 15.0;
				LOCALIZATION_PREFERS_STRING_CATALOGS = YES;
				MTL_ENABLE_DEBUG_INFO = NO;
				MTL_FAST_MATH = YES;
				SDKROOT = iphoneos;
				STRING_CATALOG_GENERATE_SYMBOLS = YES;
				SWIFT_COMPILATION_MODE = wholemodule;
				VALIDATE_PRODUCT = YES;
			};
			name = Release;
		};
		HH0000000000000000000003 /* Debug */ = {
			isa = XCBuildConfiguration;
			buildSettings = {
				ASSETCATALOG_COMPILER_APPICON_NAME = AppIcon;
				ASSETCATALOG_COMPILER_GLOBAL_ACCENT_COLOR_NAME = AccentColor;
				CODE_SIGN_STYLE = Automatic;
				CURRENT_PROJECT_VERSION = 1;
				DEVELOPMENT_ASSET_PATHS = "";
				DEVELOPMENT_TEAM = 2845TX4G76;
				ENABLE_PREVIEWS = YES;
				GENERATE_INFOPLIST_FILE = NO;
				INFOPLIST_FILE = RunRoutePlanner/Info.plist;
				INFOPLIST_KEY_UIApplicationSceneManifest_Generation = YES;
				INFOPLIST_KEY_UIApplicationSupportsIndirectInputEvents = YES;
				INFOPLIST_KEY_UILaunchScreen_Generation = YES;
				INFOPLIST_KEY_UISupportedInterfaceOrientations = UIInterfaceOrientationPortrait;
				INFOPLIST_KEY_UISupportedInterfaceOrientations_iPad = "UIInterfaceOrientationPortrait UIInterfaceOrientationPortraitUpsideDown UIInterfaceOrientationLandscapeLeft UIInterfaceOrientationLandscapeRight";
				LD_RUNPATH_SEARCH_PATHS = (
					"$(inherited)",
					"@executable_path/Frameworks",
				);
				MARKETING_VERSION = 1.0;
				PRODUCT_BUNDLE_IDENTIFIER = com.runrouteplanner.app;
				PRODUCT_NAME = "$(TARGET_NAME)";
				SWIFT_EMIT_LOC_STRINGS = YES;
				SWIFT_VERSION = 5.0;
				TARGETED_DEVICE_FAMILY = "1,2";
			};
			name = Debug;
		};
		HH0000000000000000000004 /* Release */ = {
			isa = XCBuildConfiguration;
			buildSettings = {
				ASSETCATALOG_COMPILER_APPICON_NAME = AppIcon;
				ASSETCATALOG_COMPILER_GLOBAL_ACCENT_COLOR_NAME = AccentColor;
				CODE_SIGN_STYLE = Automatic;
				CURRENT_PROJECT_VERSION = 1;
				DEVELOPMENT_ASSET_PATHS = "";
				DEVELOPMENT_TEAM = 2845TX4G76;
				ENABLE_PREVIEWS = YES;
				GENERATE_INFOPLIST_FILE = NO;
				INFOPLIST_FILE = RunRoutePlanner/Info.plist;
				INFOPLIST_KEY_UIApplicationSceneManifest_Generation = YES;
				INFOPLIST_KEY_UIApplicationSupportsIndirectInputEvents = YES;
				INFOPLIST_KEY_UILaunchScreen_Generation = YES;
				INFOPLIST_KEY_UISupportedInterfaceOrientations = UIInterfaceOrientationPortrait;
				INFOPLIST_KEY_UISupportedInterfaceOrientations_iPad = "UIInterfaceOrientationPortrait UIInterfaceOrientationPortraitUpsideDown UIInterfaceOrientationLandscapeLeft UIInterfaceOrientationLandscapeRight";
				LD_RUNPATH_SEARCH_PATHS = (
					"$(inherited)",
					"@executable_path/Frameworks",
				);
				MARKETING_VERSION = 1.0;
				PRODUCT_BUNDLE_IDENTIFIER = com.runrouteplanner.app;
				PRODUCT_NAME = "$(TARGET_NAME)";
				SWIFT_EMIT_LOC_STRINGS = YES;
				SWIFT_VERSION = 5.0;
				TARGETED_DEVICE_FAMILY = "1,2";
			};
			name = Release;
		};
/* End XCBuildConfiguration section */

/* Begin XCConfigurationList section */
		FF0000000000000000000002 /* Build configuration list for PBXNativeTarget "RunRoutePlanner" */ = {
			isa = XCConfigurationList;
			buildConfigurations = (
				HH0000000000000000000003 /* Debug */,
				HH0000000000000000000004 /* Release */,
			);
			defaultConfigurationIsVisible = 0;
			defaultConfigurationName = Release;
		};
		GG0000000000000000000002 /* Build configuration list for PBXProject "RunRoutePlanner" */ = {
			isa = XCConfigurationList;
			buildConfigurations = (
				HH0000000000000000000001 /* Debug */,
				HH0000000000000000000002 /* Release */,
			);
			defaultConfigurationIsVisible = 0;
			defaultConfigurationName = Release;
		};
/* End XCConfigurationList section */
	};
	rootObject = GG0000000000000000000001 /* Project object */;
}
